
Microsoft Visual Studio Solution File, Format Version 12.00
# Visual Studio Version 17
VisualStudioVersion = 17.12.35527.113 d17.12
MinimumVisualStudioVersion = 10.0.40219.1
Project("{FAE04EC0-301F-11D3-BF4B-00C04F79EFBC}") = "DAL", "DAL\DAL.csproj", "{B037A315-C2D9-4554-877B-10D8D7847A39}"
EndProject
Project("{FAE04EC0-301F-11D3-BF4B-00C04F79EFBC}") = "BLL", "BLL\BLL.csproj", "{F97A87D7-E226-4EB1-85BE-65CF6BE47D26}"
EndProject
Project("{FAE04EC0-301F-11D3-BF4B-00C04F79EFBC}") = "WPF", "WPF\WPF.csproj", "{EA961DF5-8AD2-45CB-AA70-8A9E38C436EE}"
EndProject
Project("{FAE04EC0-301F-11D3-BF4B-00C04F79EFBC}") = "Model", "Model\Model.csproj", "{3C74DC75-31AC-44EE-AA2E-3B292B2F95A5}"
EndProject
Global
	GlobalSection(SolutionConfigurationPlatforms) = preSolution
		Debug|Any CPU = Debug|Any CPU
		Release|Any CPU = Release|Any CPU
	EndGlobalSection
	GlobalSection(ProjectConfigurationPlatforms) = postSolution
		{B037A315-C2D9-4554-877B-10D8D7847A39}.Debug|Any CPU.ActiveCfg = Debug|Any CPU
		{B037A315-C2D9-4554-877B-10D8D7847A39}.Debug|Any CPU.Build.0 = Debug|Any CPU
		{B037A315-C2D9-4554-877B-10D8D7847A39}.Release|Any CPU.ActiveCfg = Release|Any CPU
		{B037A315-C2D9-4554-877B-10D8D7847A39}.Release|Any CPU.Build.0 = Release|Any CPU
		{F97A87D7-E226-4EB1-85BE-65CF6BE47D26}.Debug|Any CPU.ActiveCfg = Debug|Any CPU
		{F97A87D7-E226-4EB1-85BE-65CF6BE47D26}.Debug|Any CPU.Build.0 = Debug|Any CPU
		{F97A87D7-E226-4EB1-85BE-65CF6BE47D26}.Release|Any CPU.ActiveCfg = Release|Any CPU
		{F97A87D7-E226-4EB1-85BE-65CF6BE47D26}.Release|Any CPU.Build.0 = Release|Any CPU
		{EA961DF5-8AD2-45CB-AA70-8A9E38C436EE}.Debug|Any CPU.ActiveCfg = Debug|Any CPU
		{EA961DF5-8AD2-45CB-AA70-8A9E38C436EE}.Debug|Any CPU.Build.0 = Debug|Any CPU
		{EA961DF5-8AD2-45CB-AA70-8A9E38C436EE}.Release|Any CPU.ActiveCfg = Release|Any CPU
		{EA961DF5-8AD2-45CB-AA70-8A9E38C436EE}.Release|Any CPU.Build.0 = Release|Any CPU
		{3C74DC75-31AC-44EE-AA2E-3B292B2F95A5}.Debug|Any CPU.ActiveCfg = Debug|Any CPU
		{3C74DC75-31AC-44EE-AA2E-3B292B2F95A5}.Debug|Any CPU.Build.0 = Debug|Any CPU
		{3C74DC75-31AC-44EE-AA2E-3B292B2F95A5}.Release|Any CPU.ActiveCfg = Release|Any CPU
		{3C74DC75-31AC-44EE-AA2E-3B292B2F95A5}.Release|Any CPU.Build.0 = Release|Any CPU
	EndGlobalSection
	GlobalSection(SolutionProperties) = preSolution
		HideSolutionNode = FALSE
	EndGlobalSection
EndGlobal
